
Microsoft Visual Studio Solution File, Format Version 12.00
# Visual Studio Version 17
VisualStudioVersion = 17.3.32922.545
MinimumVisualStudioVersion = 10.0.40219.1
Project("{FAE04EC0-301F-11D3-BF4B-00C04F79EFBC}") = "EmergencyQueue_Curtis", "EmergencyQueue_Curtis\EmergencyQueue_Curtis.csproj", "{6194CFB4-ABCD-4691-A1F1-607398DE5A15}"
EndProject
Global
	GlobalSection(SolutionConfigurationPlatforms) = preSolution
		Debug|Any CPU = Debug|Any CPU
		Release|Any CPU = Release|Any CPU
	EndGlobalSection
	GlobalSection(ProjectConfigurationPlatforms) = postSolution
		{6194CFB4-ABCD-4691-A1F1-607398DE5A15}.Debug|Any CPU.ActiveCfg = Debug|Any CPU
		{6194CFB4-ABCD-4691-A1F1-607398DE5A15}.Debug|Any CPU.Build.0 = Debug|Any CPU
		{6194CFB4-ABCD-4691-A1F1-607398DE5A15}.Release|Any CPU.ActiveCfg = Release|Any CPU
		{6194CFB4-ABCD-4691-A1F1-607398DE5A15}.Release|Any CPU.Build.0 = Release|Any CPU
	EndGlobalSection
	GlobalSection(SolutionProperties) = preSolution
		HideSolutionNode = FALSE
	EndGlobalSection
	GlobalSection(ExtensibilityGlobals) = postSolution
		SolutionGuid = {6893DE6E-1FD7-43C0-8E2F-1DB10F950AAB}
	EndGlobalSection
EndGlobal
